
Microsoft Visual Studio Solution File, Format Version 12.00
# Visual Studio Version 16
VisualStudioVersion = 16.0.29613.14
MinimumVisualStudioVersion = 10.0.40219.1
Project("{FAE04EC0-301F-11D3-BF4B-00C04F79EFBC}") = "DeveloperBox", "DeveloperBox\DeveloperBox.csproj", "{A4725E1C-CEB8-4184-9E2A-AF1A6DAC8788}"
EndProject
Global
	GlobalSection(SolutionConfigurationPlatforms) = preSolution
		Debug|Any CPU = Debug|Any CPU
		Release|Any CPU = Release|Any CPU
	EndGlobalSection
	GlobalSection(ProjectConfigurationPlatforms) = postSolution
		{A4725E1C-CEB8-4184-9E2A-AF1A6DAC8788}.Debug|Any CPU.ActiveCfg = Debug|Any CPU
		{A4725E1C-CEB8-4184-9E2A-AF1A6DAC8788}.Debug|Any CPU.Build.0 = Debug|Any CPU
		{A4725E1C-CEB8-4184-9E2A-AF1A6DAC8788}.Release|Any CPU.ActiveCfg = Release|Any CPU
		{A4725E1C-CEB8-4184-9E2A-AF1A6DAC8788}.Release|Any CPU.Build.0 = Release|Any CPU
	EndGlobalSection
	GlobalSection(SolutionProperties) = preSolution
		HideSolutionNode = FALSE
	EndGlobalSection
	GlobalSection(ExtensibilityGlobals) = postSolution
		SolutionGuid = {F7EAC315-3A55-4982-835F-D81A4F89927E}
	EndGlobalSection
EndGlobal
